// !$*UTF8*$!
{
	archiveVersion = 1;
	classes = {
	};
	objectVersion = 56;
	objects = {

/* Begin PBXBuildFile section */
		B313D7D52ACC8E520026EAE1 /* AppDelegate.swift in Sources */ = {isa = PBXBuildFile; fileRef = B313D7D42ACC8E520026EAE1 /* AppDelegate.swift */; };
		B313D7D72ACC8E520026EAE1 /* SceneDelegate.swift in Sources */ = {isa = PBXBuildFile; fileRef = B313D7D62ACC8E520026EAE1 /* SceneDelegate.swift */; };
		B313D7D92ACC8E520026EAE1 /* ViewController.swift in Sources */ = {isa = PBXBuildFile; fileRef = B313D7D82ACC8E520026EAE1 /* ViewController.swift */; };
		B313D7DC2ACC8E520026EAE1 /* Main.storyboard in Resources */ = {isa = PBXBuildFile; fileRef = B313D7DA2ACC8E520026EAE1 /* Main.storyboard */; };
		B313D7DE2ACC8E540026EAE1 /* Assets.xcassets in Resources */ = {isa = PBXBuildFile; fileRef = B313D7DD2ACC8E540026EAE1 /* Assets.xcassets */; };
		B313D7E12ACC8E540026EAE1 /* LaunchScreen.storyboard in Resources */ = {isa = PBXBuildFile; fileRef = B313D7DF2ACC8E540026EAE1 /* LaunchScreen.storyboard */; };
		B354D2FA2AD2081000C40254 /* ViewControllerForData.swift in Sources */ = {isa = PBXBuildFile; fileRef = B354D2F92AD2081000C40254 /* ViewControllerForData.swift */; };
		B354D2FC2AD2082900C40254 /* ViewControllerForData.storyboard in Resources */ = {isa = PBXBuildFile; fileRef = B354D2FB2AD2082900C40254 /* ViewControllerForData.storyboard */; };
		B354D2FE2AD2C73700C40254 /* Class.swift in Sources */ = {isa = PBXBuildFile; fileRef = B354D2FD2AD2C73700C40254 /* Class.swift */; };
		B354D3002AD2F80A00C40254 /* ViewControllerForFight.swift in Sources */ = {isa = PBXBuildFile; fileRef = B354D2FF2AD2F80A00C40254 /* ViewControllerForFight.swift */; };
		B354D3022AD2F82900C40254 /* ViewControllerForFight.storyboard in Resources */ = {isa = PBXBuildFile; fileRef = B354D3012AD2F82900C40254 /* ViewControllerForFight.storyboard */; };
/* End PBXBuildFile section */

/* Begin PBXFileReference section */
		B313D7D12ACC8E520026EAE1 /* Monster.app */ = {isa = PBXFileReference; explicitFileType = wrapper.application; includeInIndex = 0; path = Monster.app; sourceTree = BUILT_PRODUCTS_DIR; };
		B313D7D42ACC8E520026EAE1 /* AppDelegate.swift */ = {isa = PBXFileReference; lastKnownFileType = sourcecode.swift; path = AppDelegate.swift; sourceTree = "<group>"; };
		B313D7D62ACC8E520026EAE1 /* SceneDelegate.swift */ = {isa = PBXFileReference; lastKnownFileType = sourcecode.swift; path = SceneDelegate.swift; sourceTree = "<group>"; };
		B313D7D82ACC8E520026EAE1 /* ViewController.swift */ = {isa = PBXFileReference; lastKnownFileType = sourcecode.swift; path = ViewController.swift; sourceTree = "<group>"; };
		B313D7DB2ACC8E520026EAE1 /* Base */ = {isa = PBXFileReference; lastKnownFileType = file.storyboard; name = Base; path = Base.lproj/Main.storyboard; sourceTree = "<group>"; };
		B313D7DD2ACC8E540026EAE1 /* Assets.xcassets */ = {isa = PBXFileReference; lastKnownFileType = folder.assetcatalog; path = Assets.xcassets; sourceTree = "<group>"; };
		B313D7E02ACC8E540026EAE1 /* Base */ = {isa = PBXFileReference; lastKnownFileType = file.storyboard; name = Base; path = Base.lproj/LaunchScreen.storyboard; sourceTree = "<group>"; };
		B313D7E22ACC8E540026EAE1 /* Info.plist */ = {isa = PBXFileReference; lastKnownFileType = text.plist.xml; path = Info.plist; sourceTree = "<group>"; };
		B354D2F92AD2081000C40254 /* ViewControllerForData.swift */ = {isa = PBXFileReference; lastKnownFileType = sourcecode.swift; path = ViewControllerForData.swift; sourceTree = "<group>"; };
		B354D2FB2AD2082900C40254 /* ViewControllerForData.storyboard */ = {isa = PBXFileReference; lastKnownFileType = file.storyboard; path = ViewControllerForData.storyboard; sourceTree = "<group>"; };
		B354D2FD2AD2C73700C40254 /* Class.swift */ = {isa = PBXFileReference; lastKnownFileType = sourcecode.swift; path = Class.swift; sourceTree = "<group>"; };
		B354D2FF2AD2F80A00C40254 /* ViewControllerForFight.swift */ = {isa = PBXFileReference; lastKnownFileType = sourcecode.swift; path = ViewControllerForFight.swift; sourceTree = "<group>"; };
		B354D3012AD2F82900C40254 /* ViewControllerForFight.storyboard */ = {isa = PBXFileReference; lastKnownFileType = file.storyboard; path = ViewControllerForFight.storyboard; sourceTree = "<group>"; };
/* End PBXFileReference section */

/* Begin PBXFrameworksBuildPhase section */
		B313D7CE2ACC8E520026EAE1 /* Frameworks */ = {
			isa = PBXFrameworksBuildPhase;
			buildActionMask = 2147483647;
			files = (
			);
			runOnlyForDeploymentPostprocessing = 0;
		};
/* End PBXFrameworksBuildPhase section */

/* Begin PBXGroup section */
		B313D7C82ACC8E520026EAE1 = {
			isa = PBXGroup;
			children = (
				B313D7D32ACC8E520026EAE1 /* Monster */,
				B313D7D22ACC8E520026EAE1 /* Products */,
			);
			sourceTree = "<group>";
		};
		B313D7D22ACC8E520026EAE1 /* Products */ = {
			isa = PBXGroup;
			children = (
				B313D7D12ACC8E520026EAE1 /* Monster.app */,
			);
			name = Products;
			sourceTree = "<group>";
		};
		B313D7D32ACC8E520026EAE1 /* Monster */ = {
			isa = PBXGroup;
			children = (
				B313D7D42ACC8E520026EAE1 /* AppDelegate.swift */,
				B313D7D62ACC8E520026EAE1 /* SceneDelegate.swift */,
				B354D2FD2AD2C73700C40254 /* Class.swift */,
				B313D7D82ACC8E520026EAE1 /* ViewController.swift */,
				B354D2F92AD2081000C40254 /* ViewControllerForData.swift */,
				B354D2FF2AD2F80A00C40254 /* ViewControllerForFight.swift */,
				B313D7DA2ACC8E520026EAE1 /* Main.storyboard */,
				B354D2FB2AD2082900C40254 /* ViewControllerForData.storyboard */,
				B354D3012AD2F82900C40254 /* ViewControllerForFight.storyboard */,
				B313D7DD2ACC8E540026EAE1 /* Assets.xcassets */,
				B313D7DF2ACC8E540026EAE1 /* LaunchScreen.storyboard */,
				B313D7E22ACC8E540026EAE1 /* Info.plist */,
			);
			path = Monster;
			sourceTree = "<group>";
		};
/* End PBXGroup section */

/* Begin PBXNativeTarget section */
		B313D7D02ACC8E520026EAE1 /* Monster */ = {
			isa = PBXNativeTarget;
			buildConfigurationList = B313D7E52ACC8E540026EAE1 /* Build configuration list for PBXNativeTarget "Monster" */;
			buildPhases = (
				B313D7CD2ACC8E520026EAE1 /* Sources */,
				B313D7CE2ACC8E520026EAE1 /* Frameworks */,
				B313D7CF2ACC8E520026EAE1 /* Resources */,
			);
			buildRules = (
			);
			dependencies = (
			);
			name = Monster;
			productName = Monster;
			productReference = B313D7D12ACC8E520026EAE1 /* Monster.app */;
			productType = "com.apple.product-type.application";
		};
/* End PBXNativeTarget section */

/* Begin PBXProject section */
		B313D7C92ACC8E520026EAE1 /* Project object */ = {
			isa = PBXProject;
			attributes = {
				BuildIndependentTargetsInParallel = 1;
				LastSwiftUpdateCheck = 1430;
				LastUpgradeCheck = 1430;
				TargetAttributes = {
					B313D7D02ACC8E520026EAE1 = {
						CreatedOnToolsVersion = 14.3.1;
					};
				};
			};
			buildConfigurationList = B313D7CC2ACC8E520026EAE1 /* Build configuration list for PBXProject "Monster" */;
			compatibilityVersion = "Xcode 14.0";
			developmentRegion = en;
			hasScannedForEncodings = 0;
			knownRegions = (
				en,
				Base,
			);
			mainGroup = B313D7C82ACC8E520026EAE1;
			productRefGroup = B313D7D22ACC8E520026EAE1 /* Products */;
			projectDirPath = "";
			projectRoot = "";
			targets = (
				B313D7D02ACC8E520026EAE1 /* Monster */,
			);
		};
/* End PBXProject section */

/* Begin PBXResourcesBuildPhase section */
		B313D7CF2ACC8E520026EAE1 /* Resources */ = {
			isa = PBXResourcesBuildPhase;
			buildActionMask = 2147483647;
			files = (
				B354D3022AD2F82900C40254 /* ViewControllerForFight.storyboard in Resources */,
				B313D7E12ACC8E540026EAE1 /* LaunchScreen.storyboard in Resources */,
				B313D7DE2ACC8E540026EAE1 /* Assets.xcassets in Resources */,
				B354D2FC2AD2082900C40254 /* ViewControllerForData.storyboard in Resources */,
				B313D7DC2ACC8E520026EAE1 /* Main.storyboard in Resources */,
			);
			runOnlyForDeploymentPostprocessing = 0;
		};
/* End PBXResourcesBuildPhase section */

/* Begin PBXSourcesBuildPhase section */
		B313D7CD2ACC8E520026EAE1 /* Sources */ = {
			isa = PBXSourcesBuildPhase;
			buildActionMask = 2147483647;
			files = (
				B313D7D92ACC8E520026EAE1 /* ViewController.swift in Sources */,
				B313D7D52ACC8E520026EAE1 /* AppDelegate.swift in Sources */,
				B354D2FA2AD2081000C40254 /* ViewControllerForData.swift in Sources */,
				B354D2FE2AD2C73700C40254 /* Class.swift in Sources */,
				B313D7D72ACC8E520026EAE1 /* SceneDelegate.swift in Sources */,
				B354D3002AD2F80A00C40254 /* ViewControllerForFight.swift in Sources */,
			);
			runOnlyForDeploymentPostprocessing = 0;
		};
/* End PBXSourcesBuildPhase section */

/* Begin PBXVariantGroup section */
		B313D7DA2ACC8E520026EAE1 /* Main.storyboard */ = {
			isa = PBXVariantGroup;
			children = (
				B313D7DB2ACC8E520026EAE1 /* Base */,
			);
			name = Main.storyboard;
			sourceTree = "<group>";
		};
		B313D7DF2ACC8E540026EAE1 /* LaunchScreen.storyboard */ = {
			isa = PBXVariantGroup;
			children = (
				B313D7E02ACC8E540026EAE1 /* Base */,
			);
			name = LaunchScreen.storyboard;
			sourceTree = "<group>";
		};
/* End PBXVariantGroup section */

/* Begin XCBuildConfiguration section */
		B313D7E32ACC8E540026EAE1 /* Debug */ = {
			isa = XCBuildConfiguration;
			buildSettings = {
				ALWAYS_SEARCH_USER_PATHS = NO;
				CLANG_ANALYZER_NONNULL = YES;
				CLANG_ANALYZER_NUMBER_OBJECT_CONVERSION = YES_AGGRESSIVE;
				CLANG_CXX_LANGUAGE_STANDARD = "gnu++20";
				CLANG_ENABLE_MODULES = YES;
				CLANG_ENABLE_OBJC_ARC = YES;
				CLANG_ENABLE_OBJC_WEAK = YES;
				CLANG_WARN_BLOCK_CAPTURE_AUTORELEASING = YES;
				CLANG_WARN_BOOL_CONVERSION = YES;
				CLANG_WARN_COMMA = YES;
				CLANG_WARN_CONSTANT_CONVERSION = YES;
				CLANG_WARN_DEPRECATED_OBJC_IMPLEMENTATIONS = YES;
				CLANG_WARN_DIRECT_OBJC_ISA_USAGE = YES_ERROR;
				CLANG_WARN_DOCUMENTATION_COMMENTS = YES;
				CLANG_WARN_EMPTY_BODY = YES;
				CLANG_WARN_ENUM_CONVERSION = YES;
				CLANG_WARN_INFINITE_RECURSION = YES;
				CLANG_WARN_INT_CONVERSION = YES;
				CLANG_WARN_NON_LITERAL_NULL_CONVERSION = YES;
				CLANG_WARN_OBJC_IMPLICIT_RETAIN_SELF = YES;
				CLANG_WARN_OBJC_LITERAL_CONVERSION = YES;
				CLANG_WARN_OBJC_ROOT_CLASS = YES_ERROR;
				CLANG_WARN_QUOTED_INCLUDE_IN_FRAMEWORK_HEADER = YES;
				CLANG_WARN_RANGE_LOOP_ANALYSIS = YES;
				CLANG_WARN_STRICT_PROTOTYPES = YES;
				CLANG_WARN_SUSPICIOUS_MOVE = YES;
				CLANG_WARN_UNGUARDED_AVAILABILITY = YES_AGGRESSIVE;
				CLANG_WARN_UNREACHABLE_CODE = YES;
				CLANG_WARN__DUPLICATE_METHOD_MATCH = YES;
				COPY_PHASE_STRIP = NO;
				DEBUG_INFORMATION_FORMAT = dwarf;
				ENABLE_STRICT_OBJC_MSGSEND = YES;
				ENABLE_TESTABILITY = YES;
				GCC_C_LANGUAGE_STANDARD = gnu11;
				GCC_DYNAMIC_NO_PIC = NO;
				GCC_NO_COMMON_BLOCKS = YES;
				GCC_OPTIMIZATION_LEVEL = 0;
				GCC_PREPROCESSOR_DEFINITIONS = (
					"DEBUG=1",
					"$(inherited)",
				);
				GCC_WARN_64_TO_32_BIT_CONVERSION = YES;
				GCC_WARN_ABOUT_RETURN_TYPE = YES_ERROR;
				GCC_WARN_UNDECLARED_SELECTOR = YES;
				GCC_WARN_UNINITIALIZED_AUTOS = YES_AGGRESSIVE;
				GCC_WARN_UNUSED_FUNCTION = YES;
				GCC_WARN_UNUSED_VARIABLE = YES;
				IPHONEOS_DEPLOYMENT_TARGET = 16.4;
				MTL_ENABLE_DEBUG_INFO = INCLUDE_SOURCE;
				MTL_FAST_MATH = YES;
				ONLY_ACTIVE_ARCH = YES;
				SDKROOT = iphoneos;
				SWIFT_ACTIVE_COMPILATION_CONDITIONS = DEBUG;
				SWIFT_OPTIMIZATION_LEVEL = "-Onone";
			};
			name = Debug;
		};
		B313D7E42ACC8E540026EAE1 /* Release */ = {
			isa = XCBuildConfiguration;
			buildSettings = {
				ALWAYS_SEARCH_USER_PATHS = NO;
				CLANG_ANALYZER_NONNULL = YES;
				CLANG_ANALYZER_NUMBER_OBJECT_CONVERSION = YES_AGGRESSIVE;
				CLANG_CXX_LANGUAGE_STANDARD = "gnu++20";
				CLANG_ENABLE_MODULES = YES;
				CLANG_ENABLE_OBJC_ARC = YES;
				CLANG_ENABLE_OBJC_WEAK = YES;
				CLANG_WARN_BLOCK_CAPTURE_AUTORELEASING = YES;
				CLANG_WARN_BOOL_CONVERSION = YES;
				CLANG_WARN_COMMA = YES;
				CLANG_WARN_CONSTANT_CONVERSION = YES;
				CLANG_WARN_DEPRECATED_OBJC_IMPLEMENTATIONS = YES;
				CLANG_WARN_DIRECT_OBJC_ISA_USAGE = YES_ERROR;
				CLANG_WARN_DOCUMENTATION_COMMENTS = YES;
				CLANG_WARN_EMPTY_BODY = YES;
				CLANG_WARN_ENUM_CONVERSION = YES;
				CLANG_WARN_INFINITE_RECURSION = YES;
				CLANG_WARN_INT_CONVERSION = YES;
				CLANG_WARN_NON_LITERAL_NULL_CONVERSION = YES;
				CLANG_WARN_OBJC_IMPLICIT_RETAIN_SELF = YES;
				CLANG_WARN_OBJC_LITERAL_CONVERSION = YES;
				CLANG_WARN_OBJC_ROOT_CLASS = YES_ERROR;
				CLANG_WARN_QUOTED_INCLUDE_IN_FRAMEWORK_HEADER = YES;
				CLANG_WARN_RANGE_LOOP_ANALYSIS = YES;
				CLANG_WARN_STRICT_PROTOTYPES = YES;
				CLANG_WARN_SUSPICIOUS_MOVE = YES;
				CLANG_WARN_UNGUARDED_AVAILABILITY = YES_AGGRESSIVE;
				CLANG_WARN_UNREACHABLE_CODE = YES;
				CLANG_WARN__DUPLICATE_METHOD_MATCH = YES;
				COPY_PHASE_STRIP = NO;
				DEBUG_INFORMATION_FORMAT = "dwarf-with-dsym";
				ENABLE_NS_ASSERTIONS = NO;
				ENABLE_STRICT_OBJC_MSGSEND = YES;
				GCC_C_LANGUAGE_STANDARD = gnu11;
				GCC_NO_COMMON_BLOCKS = YES;
				GCC_WARN_64_TO_32_BIT_CONVERSION = YES;
				GCC_WARN_ABOUT_RETURN_TYPE = YES_ERROR;
				GCC_WARN_UNDECLARED_SELECTOR = YES;
				GCC_WARN_UNINITIALIZED_AUTOS = YES_AGGRESSIVE;
				GCC_WARN_UNUSED_FUNCTION = YES;
				GCC_WARN_UNUSED_VARIABLE = YES;
				IPHONEOS_DEPLOYMENT_TARGET = 16.4;
				MTL_ENABLE_DEBUG_INFO = NO;
				MTL_FAST_MATH = YES;
				SDKROOT = iphoneos;
				SWIFT_COMPILATION_MODE = wholemodule;
				SWIFT_OPTIMIZATION_LEVEL = "-O";
				VALIDATE_PRODUCT = YES;
			};
			name = Release;
		};
		B313D7E62ACC8E540026EAE1 /* Debug */ = {
			isa = XCBuildConfiguration;
			buildSettings = {
				ASSETCATALOG_COMPILER_APPICON_NAME = AppIcon;
				ASSETCATALOG_COMPILER_GLOBAL_ACCENT_COLOR_NAME = AccentColor;
				CODE_SIGN_STYLE = Automatic;
				CURRENT_PROJECT_VERSION = 1;
				DEVELOPMENT_TEAM = ZU835Y7KDA;
				GENERATE_INFOPLIST_FILE = YES;
				INFOPLIST_FILE = Monster/Info.plist;
				INFOPLIST_KEY_UIApplicationSupportsIndirectInputEvents = YES;
				INFOPLIST_KEY_UILaunchStoryboardName = LaunchScreen;
				INFOPLIST_KEY_UIMainStoryboardFile = Main;
				INFOPLIST_KEY_UIStatusBarStyle = "";
				INFOPLIST_KEY_UISupportedInterfaceOrientations_iPad = "UIInterfaceOrientationPortrait UIInterfaceOrientationPortraitUpsideDown UIInterfaceOrientationLandscapeLeft UIInterfaceOrientationLandscapeRight";
				INFOPLIST_KEY_UISupportedInterfaceOrientations_iPhone = "UIInterfaceOrientationPortrait UIInterfaceOrientationLandscapeLeft UIInterfaceOrientationLandscapeRight";
				LD_RUNPATH_SEARCH_PATHS = (
					"$(inherited)",
					"@executable_path/Frameworks",
				);
				MARKETING_VERSION = 1.0;
				PRODUCT_BUNDLE_IDENTIFIER = yul.Monster;
				PRODUCT_NAME = "$(TARGET_NAME)";
				SWIFT_EMIT_LOC_STRINGS = YES;
				SWIFT_VERSION = 5.0;
				TARGETED_DEVICE_FAMILY = "1,2";
			};
			name = Debug;
		};
		B313D7E72ACC8E540026EAE1 /* Release */ = {
			isa = XCBuildConfiguration;
			buildSettings = {
				ASSETCATALOG_COMPILER_APPICON_NAME = AppIcon;
				ASSETCATALOG_COMPILER_GLOBAL_ACCENT_COLOR_NAME = AccentColor;
				CODE_SIGN_STYLE = Automatic;
				CURRENT_PROJECT_VERSION = 1;
				DEVELOPMENT_TEAM = ZU835Y7KDA;
				GENERATE_INFOPLIST_FILE = YES;
				INFOPLIST_FILE = Monster/Info.plist;
				INFOPLIST_KEY_UIApplicationSupportsIndirectInputEvents = YES;
				INFOPLIST_KEY_UILaunchStoryboardName = LaunchScreen;
				INFOPLIST_KEY_UIMainStoryboardFile = Main;
				INFOPLIST_KEY_UIStatusBarStyle = "";
				INFOPLIST_KEY_UISupportedInterfaceOrientations_iPad = "UIInterfaceOrientationPortrait UIInterfaceOrientationPortraitUpsideDown UIInterfaceOrientationLandscapeLeft UIInterfaceOrientationLandscapeRight";
				INFOPLIST_KEY_UISupportedInterfaceOrientations_iPhone = "UIInterfaceOrientationPortrait UIInterfaceOrientationLandscapeLeft UIInterfaceOrientationLandscapeRight";
				LD_RUNPATH_SEARCH_PATHS = (
					"$(inherited)",
					"@executable_path/Frameworks",
				);
				MARKETING_VERSION = 1.0;
				PRODUCT_BUNDLE_IDENTIFIER = yul.Monster;
				PRODUCT_NAME = "$(TARGET_NAME)";
				SWIFT_EMIT_LOC_STRINGS = YES;
				SWIFT_VERSION = 5.0;
				TARGETED_DEVICE_FAMILY = "1,2";
			};
			name = Release;
		};
/* End XCBuildConfiguration section */

/* Begin XCConfigurationList section */
		B313D7CC2ACC8E520026EAE1 /* Build configuration list for PBXProject "Monster" */ = {
			isa = XCConfigurationList;
			buildConfigurations = (
				B313D7E32ACC8E540026EAE1 /* Debug */,
				B313D7E42ACC8E540026EAE1 /* Release */,
			);
			defaultConfigurationIsVisible = 0;
			defaultConfigurationName = Release;
		};
		B313D7E52ACC8E540026EAE1 /* Build configuration list for PBXNativeTarget "Monster" */ = {
			isa = XCConfigurationList;
			buildConfigurations = (
				B313D7E62ACC8E540026EAE1 /* Debug */,
				B313D7E72ACC8E540026EAE1 /* Release */,
			);
			defaultConfigurationIsVisible = 0;
			defaultConfigurationName = Release;
		};
/* End XCConfigurationList section */
	};
	rootObject = B313D7C92ACC8E520026EAE1 /* Project object */;
}
